
Microsoft Visual Studio Solution File, Format Version 12.00
# Visual Studio 15
VisualStudioVersion = 15.0.26403.7
MinimumVisualStudioVersion = 10.0.40219.1
Project("{FAE04EC0-301F-11D3-BF4B-00C04F79EFBC}") = "piccat", "piccat\piccat.csproj", "{155CA29E-1E00-48F7-885B-9AD7F8F5564A}"
EndProject
Global
	GlobalSection(SolutionConfigurationPlatforms) = preSolution
		Debug|Any CPU = Debug|Any CPU
		Release|Any CPU = Release|Any CPU
	EndGlobalSection
	GlobalSection(ProjectConfigurationPlatforms) = postSolution
		{155CA29E-1E00-48F7-885B-9AD7F8F5564A}.Debug|Any CPU.ActiveCfg = Debug|Any CPU
		{155CA29E-1E00-48F7-885B-9AD7F8F5564A}.Debug|Any CPU.Build.0 = Debug|Any CPU
		{155CA29E-1E00-48F7-885B-9AD7F8F5564A}.Release|Any CPU.ActiveCfg = Release|Any CPU
		{155CA29E-1E00-48F7-885B-9AD7F8F5564A}.Release|Any CPU.Build.0 = Release|Any CPU
	EndGlobalSection
	GlobalSection(SolutionProperties) = preSolution
		HideSolutionNode = FALSE
	EndGlobalSection
EndGlobal
